{
  "version": 4,
  "terraform_version": "1.4.2",
  "serial": 6,
  "lineage": "87583916-41c6-df4f-e9c0-3d97b8e1a453",
  "outputs": {},
  "resources": [
    {
      "mode": "managed",
      "type": "local_file",
      "name": "file-block",
      "provider": "provider[\"registry.terraform.io/hashicorp/local\"]",
      "instances": [
        {
          "schema_version": 0,
          "attributes": {
            "content": "a5445e2a3f4c8577",
            "content_base64": null,
            "content_base64sha256": "j/p6Pnv73h+bVa7ArglMNzlCrOihQRffA6lBOQ1rZY8=",
            "content_base64sha512": "mS1/Fh085d/pycIYgLb7FvA52Jc8pyLdtil7f5G2gJg+4Oduum+ZY14zPxAPIkYNvwZK7B8ed924DyVMDsyCoA==",
            "content_md5": "d985a245601bf8732470e4839498ea3d",
            "content_sha1": "a523341cd6e87aeb801312e4ae1cdf5eb2ee5d14",
            "content_sha256": "8ffa7a3e7bfbde1f9b55aec0ae094c373942ace8a14117df03a941390d6b658f",
            "content_sha512": "992d7f161d3ce5dfe9c9c21880b6fb16f039d8973ca722ddb6297b7f91b680983ee0e76eba6f99635e333f100f22460dbf064aec1f1e77ddb80f254c0ecc82a0",
            "directory_permission": "0777",
            "file_permission": "0777",
            "filename": "hello.py",
            "id": "a523341cd6e87aeb801312e4ae1cdf5eb2ee5d14",
            "sensitive_content": null,
            "source": null
          },
          "sensitive_attributes": [],
          "dependencies": [
            "random_id.random_value"
          ]
        }
      ]
    },
    {
      "mode": "managed",
      "type": "random_id",
      "name": "random_value",
      "provider": "provider[\"registry.terraform.io/hashicorp/random\"]",
      "instances": [
        {
          "schema_version": 0,
          "attributes": {
            "b64_std": "pUReKj9MhXc=",
            "b64_url": "pUReKj9MhXc",
            "byte_length": 8,
            "dec": "11908746850218050935",
            "hex": "a5445e2a3f4c8577",
            "id": "pUReKj9MhXc",
            "keepers": null,
            "prefix": null
          },
          "sensitive_attributes": []
        }
      ]
    }
  ],
  "check_results": null
}
